
Microsoft Visual Studio Solution File, Format Version 12.00
# Visual Studio 2013
VisualStudioVersion = 12.0.21005.1
MinimumVisualStudioVersion = 10.0.40219.1
Project("{FAE04EC0-301F-11D3-BF4B-00C04F79EFBC}") = "Foxes2", "Foxes2\Foxes2.csproj", "{8D35F24C-C84D-4B66-96DC-15406604415B}"
EndProject
Project("{FAE04EC0-301F-11D3-BF4B-00C04F79EFBC}") = "Foxes2.Tests", "Foxes2.Tests\Foxes2.Tests.csproj", "{92D0B017-8B8E-4844-B04D-072AF97F18AF}"
EndProject
Project("{2150E333-8FDC-42A3-9474-1A3956D46DE8}") = "PublishScripts", "PublishScripts", "{FF0DBA6E-585A-4F0D-B90C-4A69400F933A}"
	ProjectSection(SolutionItems) = preProject
		PublishScripts\AzureWebAppPublishModule.psm1 = PublishScripts\AzureWebAppPublishModule.psm1
		PublishScripts\Publish-WebApplication.ps1 = PublishScripts\Publish-WebApplication.ps1
	EndProjectSection
EndProject
Project("{2150E333-8FDC-42A3-9474-1A3956D46DE8}") = "Configurations", "Configurations", "{0B44481B-FCA0-46F4-892C-FC5AC0A434B8}"
	ProjectSection(SolutionItems) = preProject
		PublishScripts\Configurations\Foxes2-WAWS-dev.json = PublishScripts\Configurations\Foxes2-WAWS-dev.json
	EndProjectSection
EndProject
Global
	GlobalSection(SolutionConfigurationPlatforms) = preSolution
		Debug|Any CPU = Debug|Any CPU
		Release|Any CPU = Release|Any CPU
	EndGlobalSection
	GlobalSection(ProjectConfigurationPlatforms) = postSolution
		{8D35F24C-C84D-4B66-96DC-15406604415B}.Debug|Any CPU.ActiveCfg = Debug|Any CPU
		{8D35F24C-C84D-4B66-96DC-15406604415B}.Debug|Any CPU.Build.0 = Debug|Any CPU
		{8D35F24C-C84D-4B66-96DC-15406604415B}.Release|Any CPU.ActiveCfg = Release|Any CPU
		{8D35F24C-C84D-4B66-96DC-15406604415B}.Release|Any CPU.Build.0 = Release|Any CPU
		{92D0B017-8B8E-4844-B04D-072AF97F18AF}.Debug|Any CPU.ActiveCfg = Debug|Any CPU
		{92D0B017-8B8E-4844-B04D-072AF97F18AF}.Debug|Any CPU.Build.0 = Debug|Any CPU
		{92D0B017-8B8E-4844-B04D-072AF97F18AF}.Release|Any CPU.ActiveCfg = Release|Any CPU
		{92D0B017-8B8E-4844-B04D-072AF97F18AF}.Release|Any CPU.Build.0 = Release|Any CPU
	EndGlobalSection
	GlobalSection(SolutionProperties) = preSolution
		HideSolutionNode = FALSE
	EndGlobalSection
	GlobalSection(NestedProjects) = preSolution
		{0B44481B-FCA0-46F4-892C-FC5AC0A434B8} = {FF0DBA6E-585A-4F0D-B90C-4A69400F933A}
	EndGlobalSection
EndGlobal
